
Microsoft Visual Studio Solution File, Format Version 12.00
# Visual Studio Version 16
VisualStudioVersion = 16.0.32106.194
MinimumVisualStudioVersion = 10.0.40219.1
Project("{FAE04EC0-301F-11D3-BF4B-00C04F79EFBC}") = "Farmasia", "Farmasia\Farmasia.csproj", "{4FE2D67B-4EB4-44B1-A8D9-712D6C14670D}"
EndProject
Global
	GlobalSection(SolutionConfigurationPlatforms) = preSolution
		Debug|Any CPU = Debug|Any CPU
		Release|Any CPU = Release|Any CPU
	EndGlobalSection
	GlobalSection(ProjectConfigurationPlatforms) = postSolution
		{4FE2D67B-4EB4-44B1-A8D9-712D6C14670D}.Debug|Any CPU.ActiveCfg = Debug|Any CPU
		{4FE2D67B-4EB4-44B1-A8D9-712D6C14670D}.Debug|Any CPU.Build.0 = Debug|Any CPU
		{4FE2D67B-4EB4-44B1-A8D9-712D6C14670D}.Release|Any CPU.ActiveCfg = Release|Any CPU
		{4FE2D67B-4EB4-44B1-A8D9-712D6C14670D}.Release|Any CPU.Build.0 = Release|Any CPU
	EndGlobalSection
	GlobalSection(SolutionProperties) = preSolution
		HideSolutionNode = FALSE
	EndGlobalSection
	GlobalSection(ExtensibilityGlobals) = postSolution
		SolutionGuid = {8E0593AA-4D32-4807-834D-667A21493A21}
	EndGlobalSection
EndGlobal
